// !$*UTF8*$!
{
	archiveVersion = 1;
	classes = {
	};
	objectVersion = 46;
	objects = {

/* Begin PBXBuildFile section */
		555F16351A79B3030002959A /* AppDelegate.swift in Sources */ = {isa = PBXBuildFile; fileRef = 555F16341A79B3030002959A /* AppDelegate.swift */; };
		555F16371A79B3030002959A /* ViewController.swift in Sources */ = {isa = PBXBuildFile; fileRef = 555F16361A79B3030002959A /* ViewController.swift */; };
		555F163A1A79B3030002959A /* Main.storyboard in Resources */ = {isa = PBXBuildFile; fileRef = 555F16381A79B3030002959A /* Main.storyboard */; };
		555F163C1A79B3030002959A /* Images.xcassets in Resources */ = {isa = PBXBuildFile; fileRef = 555F163B1A79B3030002959A /* Images.xcassets */; };
		555F163F1A79B3030002959A /* LaunchScreen.xib in Resources */ = {isa = PBXBuildFile; fileRef = 555F163D1A79B3030002959A /* LaunchScreen.xib */; };
		555F164B1A79B3030002959A /* Arrays_Project___Lesson_10Tests.swift in Sources */ = {isa = PBXBuildFile; fileRef = 555F164A1A79B3030002959A /* Arrays_Project___Lesson_10Tests.swift */; };
		555F16851A79C0580002959A /* TableViewController.swift in Sources */ = {isa = PBXBuildFile; fileRef = 555F16841A79C0580002959A /* TableViewController.swift */; };
		555F16891A79C4F50002959A /* NewTask.swift in Sources */ = {isa = PBXBuildFile; fileRef = 555F16881A79C4F50002959A /* NewTask.swift */; };
/* End PBXBuildFile section */

/* Begin PBXContainerItemProxy section */
		555F16451A79B3030002959A /* PBXContainerItemProxy */ = {
			isa = PBXContainerItemProxy;
			containerPortal = 555F16271A79B3030002959A /* Project object */;
			proxyType = 1;
			remoteGlobalIDString = 555F162E1A79B3030002959A;
			remoteInfo = "Arrays Project - Lesson 10";
		};
/* End PBXContainerItemProxy section */

/* Begin PBXFileReference section */
		555F162F1A79B3030002959A /* Arrays Project - Lesson 10.app */ = {isa = PBXFileReference; explicitFileType = wrapper.application; includeInIndex = 0; path = "Arrays Project - Lesson 10.app"; sourceTree = BUILT_PRODUCTS_DIR; };
		555F16331A79B3030002959A /* Info.plist */ = {isa = PBXFileReference; lastKnownFileType = text.plist.xml; path = Info.plist; sourceTree = "<group>"; };
		555F16341A79B3030002959A /* AppDelegate.swift */ = {isa = PBXFileReference; lastKnownFileType = sourcecode.swift; path = AppDelegate.swift; sourceTree = "<group>"; };
		555F16361A79B3030002959A /* ViewController.swift */ = {isa = PBXFileReference; lastKnownFileType = sourcecode.swift; path = ViewController.swift; sourceTree = "<group>"; };
		555F16391A79B3030002959A /* Base */ = {isa = PBXFileReference; lastKnownFileType = file.storyboard; name = Base; path = Base.lproj/Main.storyboard; sourceTree = "<group>"; };
		555F163B1A79B3030002959A /* Images.xcassets */ = {isa = PBXFileReference; lastKnownFileType = folder.assetcatalog; path = Images.xcassets; sourceTree = "<group>"; };
		555F163E1A79B3030002959A /* Base */ = {isa = PBXFileReference; lastKnownFileType = file.xib; name = Base; path = Base.lproj/LaunchScreen.xib; sourceTree = "<group>"; };
		555F16441A79B3030002959A /* Arrays Project - Lesson 10Tests.xctest */ = {isa = PBXFileReference; explicitFileType = wrapper.cfbundle; includeInIndex = 0; path = "Arrays Project - Lesson 10Tests.xctest"; sourceTree = BUILT_PRODUCTS_DIR; };
		555F16491A79B3030002959A /* Info.plist */ = {isa = PBXFileReference; lastKnownFileType = text.plist.xml; path = Info.plist; sourceTree = "<group>"; };
		555F164A1A79B3030002959A /* Arrays_Project___Lesson_10Tests.swift */ = {isa = PBXFileReference; lastKnownFileType = sourcecode.swift; path = "Arrays_Project___Lesson_10Tests.swift"; sourceTree = "<group>"; };
		555F16841A79C0580002959A /* TableViewController.swift */ = {isa = PBXFileReference; fileEncoding = 4; lastKnownFileType = sourcecode.swift; path = TableViewController.swift; sourceTree = "<group>"; };
		555F16881A79C4F50002959A /* NewTask.swift */ = {isa = PBXFileReference; fileEncoding = 4; lastKnownFileType = sourcecode.swift; path = NewTask.swift; sourceTree = "<group>"; };
/* End PBXFileReference section */

/* Begin PBXFrameworksBuildPhase section */
		555F162C1A79B3030002959A /* Frameworks */ = {
			isa = PBXFrameworksBuildPhase;
			buildActionMask = 2147483647;
			files = (
			);
			runOnlyForDeploymentPostprocessing = 0;
		};
		555F16411A79B3030002959A /* Frameworks */ = {
			isa = PBXFrameworksBuildPhase;
			buildActionMask = 2147483647;
			files = (
			);
			runOnlyForDeploymentPostprocessing = 0;
		};
/* End PBXFrameworksBuildPhase section */

/* Begin PBXGroup section */
		555F16261A79B3030002959A = {
			isa = PBXGroup;
			children = (
				555F16311A79B3030002959A /* Arrays Project - Lesson 10 */,
				555F16471A79B3030002959A /* Arrays Project - Lesson 10Tests */,
				555F16301A79B3030002959A /* Products */,
			);
			sourceTree = "<group>";
		};
		555F16301A79B3030002959A /* Products */ = {
			isa = PBXGroup;
			children = (
				555F162F1A79B3030002959A /* Arrays Project - Lesson 10.app */,
				555F16441A79B3030002959A /* Arrays Project - Lesson 10Tests.xctest */,
			);
			name = Products;
			sourceTree = "<group>";
		};
		555F16311A79B3030002959A /* Arrays Project - Lesson 10 */ = {
			isa = PBXGroup;
			children = (
				555F16341A79B3030002959A /* AppDelegate.swift */,
				555F16361A79B3030002959A /* ViewController.swift */,
				555F16381A79B3030002959A /* Main.storyboard */,
				555F163B1A79B3030002959A /* Images.xcassets */,
				555F163D1A79B3030002959A /* LaunchScreen.xib */,
				555F16321A79B3030002959A /* Supporting Files */,
				555F16841A79C0580002959A /* TableViewController.swift */,
				555F16881A79C4F50002959A /* NewTask.swift */,
			);
			path = "Arrays Project - Lesson 10";
			sourceTree = "<group>";
		};
		555F16321A79B3030002959A /* Supporting Files */ = {
			isa = PBXGroup;
			children = (
				555F16331A79B3030002959A /* Info.plist */,
			);
			name = "Supporting Files";
			sourceTree = "<group>";
		};
		555F16471A79B3030002959A /* Arrays Project - Lesson 10Tests */ = {
			isa = PBXGroup;
			children = (
				555F164A1A79B3030002959A /* Arrays_Project___Lesson_10Tests.swift */,
				555F16481A79B3030002959A /* Supporting Files */,
			);
			path = "Arrays Project - Lesson 10Tests";
			sourceTree = "<group>";
		};
		555F16481A79B3030002959A /* Supporting Files */ = {
			isa = PBXGroup;
			children = (
				555F16491A79B3030002959A /* Info.plist */,
			);
			name = "Supporting Files";
			sourceTree = "<group>";
		};
/* End PBXGroup section */

/* Begin PBXNativeTarget section */
		555F162E1A79B3030002959A /* Arrays Project - Lesson 10 */ = {
			isa = PBXNativeTarget;
			buildConfigurationList = 555F164E1A79B3030002959A /* Build configuration list for PBXNativeTarget "Arrays Project - Lesson 10" */;
			buildPhases = (
				555F162B1A79B3030002959A /* Sources */,
				555F162C1A79B3030002959A /* Frameworks */,
				555F162D1A79B3030002959A /* Resources */,
			);
			buildRules = (
			);
			dependencies = (
			);
			name = "Arrays Project - Lesson 10";
			productName = "Arrays Project - Lesson 10";
			productReference = 555F162F1A79B3030002959A /* Arrays Project - Lesson 10.app */;
			productType = "com.apple.product-type.application";
		};
		555F16431A79B3030002959A /* Arrays Project - Lesson 10Tests */ = {
			isa = PBXNativeTarget;
			buildConfigurationList = 555F16511A79B3030002959A /* Build configuration list for PBXNativeTarget "Arrays Project - Lesson 10Tests" */;
			buildPhases = (
				555F16401A79B3030002959A /* Sources */,
				555F16411A79B3030002959A /* Frameworks */,
				555F16421A79B3030002959A /* Resources */,
			);
			buildRules = (
			);
			dependencies = (
				555F16461A79B3030002959A /* PBXTargetDependency */,
			);
			name = "Arrays Project - Lesson 10Tests";
			productName = "Arrays Project - Lesson 10Tests";
			productReference = 555F16441A79B3030002959A /* Arrays Project - Lesson 10Tests.xctest */;
			productType = "com.apple.product-type.bundle.unit-test";
		};
/* End PBXNativeTarget section */

/* Begin PBXProject section */
		555F16271A79B3030002959A /* Project object */ = {
			isa = PBXProject;
			attributes = {
				LastUpgradeCheck = 0610;
				ORGANIZATIONNAME = DaveScherler;
				TargetAttributes = {
					555F162E1A79B3030002959A = {
						CreatedOnToolsVersion = 6.1.1;
					};
					555F16431A79B3030002959A = {
						CreatedOnToolsVersion = 6.1.1;
						TestTargetID = 555F162E1A79B3030002959A;
					};
				};
			};
			buildConfigurationList = 555F162A1A79B3030002959A /* Build configuration list for PBXProject "Arrays Project - Lesson 10" */;
			compatibilityVersion = "Xcode 3.2";
			developmentRegion = English;
			hasScannedForEncodings = 0;
			knownRegions = (
				en,
				Base,
			);
			mainGroup = 555F16261A79B3030002959A;
			productRefGroup = 555F16301A79B3030002959A /* Products */;
			projectDirPath = "";
			projectRoot = "";
			targets = (
				555F162E1A79B3030002959A /* Arrays Project - Lesson 10 */,
				555F16431A79B3030002959A /* Arrays Project - Lesson 10Tests */,
			);
		};
/* End PBXProject section */

/* Begin PBXResourcesBuildPhase section */
		555F162D1A79B3030002959A /* Resources */ = {
			isa = PBXResourcesBuildPhase;
			buildActionMask = 2147483647;
			files = (
				555F163A1A79B3030002959A /* Main.storyboard in Resources */,
				555F163F1A79B3030002959A /* LaunchScreen.xib in Resources */,
				555F163C1A79B3030002959A /* Images.xcassets in Resources */,
			);
			runOnlyForDeploymentPostprocessing = 0;
		};
		555F16421A79B3030002959A /* Resources */ = {
			isa = PBXResourcesBuildPhase;
			buildActionMask = 2147483647;
			files = (
			);
			runOnlyForDeploymentPostprocessing = 0;
		};
/* End PBXResourcesBuildPhase section */

/* Begin PBXSourcesBuildPhase section */
		555F162B1A79B3030002959A /* Sources */ = {
			isa = PBXSourcesBuildPhase;
			buildActionMask = 2147483647;
			files = (
				555F16371A79B3030002959A /* ViewController.swift in Sources */,
				555F16891A79C4F50002959A /* NewTask.swift in Sources */,
				555F16851A79C0580002959A /* TableViewController.swift in Sources */,
				555F16351A79B3030002959A /* AppDelegate.swift in Sources */,
			);
			runOnlyForDeploymentPostprocessing = 0;
		};
		555F16401A79B3030002959A /* Sources */ = {
			isa = PBXSourcesBuildPhase;
			buildActionMask = 2147483647;
			files = (
				555F164B1A79B3030002959A /* Arrays_Project___Lesson_10Tests.swift in Sources */,
			);
			runOnlyForDeploymentPostprocessing = 0;
		};
/* End PBXSourcesBuildPhase section */

/* Begin PBXTargetDependency section */
		555F16461A79B3030002959A /* PBXTargetDependency */ = {
			isa = PBXTargetDependency;
			target = 555F162E1A79B3030002959A /* Arrays Project - Lesson 10 */;
			targetProxy = 555F16451A79B3030002959A /* PBXContainerItemProxy */;
		};
/* End PBXTargetDependency section */

/* Begin PBXVariantGroup section */
		555F16381A79B3030002959A /* Main.storyboard */ = {
			isa = PBXVariantGroup;
			children = (
				555F16391A79B3030002959A /* Base */,
			);
			name = Main.storyboard;
			sourceTree = "<group>";
		};
		555F163D1A79B3030002959A /* LaunchScreen.xib */ = {
			isa = PBXVariantGroup;
			children = (
				555F163E1A79B3030002959A /* Base */,
			);
			name = LaunchScreen.xib;
			sourceTree = "<group>";
		};
/* End PBXVariantGroup section */

/* Begin XCBuildConfiguration section */
		555F164C1A79B3030002959A /* Debug */ = {
			isa = XCBuildConfiguration;
			buildSettings = {
				ALWAYS_SEARCH_USER_PATHS = NO;
				CLANG_CXX_LANGUAGE_STANDARD = "gnu++0x";
				CLANG_CXX_LIBRARY = "libc++";
				CLANG_ENABLE_MODULES = YES;
				CLANG_ENABLE_OBJC_ARC = YES;
				CLANG_WARN_BOOL_CONVERSION = YES;
				CLANG_WARN_CONSTANT_CONVERSION = YES;
				CLANG_WARN_DIRECT_OBJC_ISA_USAGE = YES_ERROR;
				CLANG_WARN_EMPTY_BODY = YES;
				CLANG_WARN_ENUM_CONVERSION = YES;
				CLANG_WARN_INT_CONVERSION = YES;
				CLANG_WARN_OBJC_ROOT_CLASS = YES_ERROR;
				CLANG_WARN_UNREACHABLE_CODE = YES;
				CLANG_WARN__DUPLICATE_METHOD_MATCH = YES;
				"CODE_SIGN_IDENTITY[sdk=iphoneos*]" = "iPhone Developer";
				COPY_PHASE_STRIP = NO;
				ENABLE_STRICT_OBJC_MSGSEND = YES;
				GCC_C_LANGUAGE_STANDARD = gnu99;
				GCC_DYNAMIC_NO_PIC = NO;
				GCC_OPTIMIZATION_LEVEL = 0;
				GCC_PREPROCESSOR_DEFINITIONS = (
					"DEBUG=1",
					"$(inherited)",
				);
				GCC_SYMBOLS_PRIVATE_EXTERN = NO;
				GCC_WARN_64_TO_32_BIT_CONVERSION = YES;
				GCC_WARN_ABOUT_RETURN_TYPE = YES_ERROR;
				GCC_WARN_UNDECLARED_SELECTOR = YES;
				GCC_WARN_UNINITIALIZED_AUTOS = YES_AGGRESSIVE;
				GCC_WARN_UNUSED_FUNCTION = YES;
				GCC_WARN_UNUSED_VARIABLE = YES;
				IPHONEOS_DEPLOYMENT_TARGET = 8.1;
				MTL_ENABLE_DEBUG_INFO = YES;
				ONLY_ACTIVE_ARCH = YES;
				SDKROOT = iphoneos;
				SWIFT_OPTIMIZATION_LEVEL = "-Onone";
			};
			name = Debug;
		};
		555F164D1A79B3030002959A /* Release */ = {
			isa = XCBuildConfiguration;
			buildSettings = {
				ALWAYS_SEARCH_USER_PATHS = NO;
				CLANG_CXX_LANGUAGE_STANDARD = "gnu++0x";
				CLANG_CXX_LIBRARY = "libc++";
				CLANG_ENABLE_MODULES = YES;
				CLANG_ENABLE_OBJC_ARC = YES;
				CLANG_WARN_BOOL_CONVERSION = YES;
				CLANG_WARN_CONSTANT_CONVERSION = YES;
				CLANG_WARN_DIRECT_OBJC_ISA_USAGE = YES_ERROR;
				CLANG_WARN_EMPTY_BODY = YES;
				CLANG_WARN_ENUM_CONVERSION = YES;
				CLANG_WARN_INT_CONVERSION = YES;
				CLANG_WARN_OBJC_ROOT_CLASS = YES_ERROR;
				CLANG_WARN_UNREACHABLE_CODE = YES;
				CLANG_WARN__DUPLICATE_METHOD_MATCH = YES;
				"CODE_SIGN_IDENTITY[sdk=iphoneos*]" = "iPhone Developer";
				COPY_PHASE_STRIP = YES;
				ENABLE_NS_ASSERTIONS = NO;
				ENABLE_STRICT_OBJC_MSGSEND = YES;
				GCC_C_LANGUAGE_STANDARD = gnu99;
				GCC_WARN_64_TO_32_BIT_CONVERSION = YES;
				GCC_WARN_ABOUT_RETURN_TYPE = YES_ERROR;
				GCC_WARN_UNDECLARED_SELECTOR = YES;
				GCC_WARN_UNINITIALIZED_AUTOS = YES_AGGRESSIVE;
				GCC_WARN_UNUSED_FUNCTION = YES;
				GCC_WARN_UNUSED_VARIABLE = YES;
				IPHONEOS_DEPLOYMENT_TARGET = 8.1;
				MTL_ENABLE_DEBUG_INFO = NO;
				SDKROOT = iphoneos;
				VALIDATE_PRODUCT = YES;
			};
			name = Release;
		};
		555F164F1A79B3030002959A /* Debug */ = {
			isa = XCBuildConfiguration;
			buildSettings = {
				ASSETCATALOG_COMPILER_APPICON_NAME = AppIcon;
				INFOPLIST_FILE = "Arrays Project - Lesson 10/Info.plist";
				LD_RUNPATH_SEARCH_PATHS = "$(inherited) @executable_path/Frameworks";
				PRODUCT_NAME = "$(TARGET_NAME)";
			};
			name = Debug;
		};
		555F16501A79B3030002959A /* Release */ = {
			isa = XCBuildConfiguration;
			buildSettings = {
				ASSETCATALOG_COMPILER_APPICON_NAME = AppIcon;
				INFOPLIST_FILE = "Arrays Project - Lesson 10/Info.plist";
				LD_RUNPATH_SEARCH_PATHS = "$(inherited) @executable_path/Frameworks";
				PRODUCT_NAME = "$(TARGET_NAME)";
			};
			name = Release;
		};
		555F16521A79B3030002959A /* Debug */ = {
			isa = XCBuildConfiguration;
			buildSettings = {
				BUNDLE_LOADER = "$(TEST_HOST)";
				FRAMEWORK_SEARCH_PATHS = (
					"$(SDKROOT)/Developer/Library/Frameworks",
					"$(inherited)",
				);
				GCC_PREPROCESSOR_DEFINITIONS = (
					"DEBUG=1",
					"$(inherited)",
				);
				INFOPLIST_FILE = "Arrays Project - Lesson 10Tests/Info.plist";
				LD_RUNPATH_SEARCH_PATHS = "$(inherited) @executable_path/Frameworks @loader_path/Frameworks";
				PRODUCT_NAME = "$(TARGET_NAME)";
				TEST_HOST = "$(BUILT_PRODUCTS_DIR)/Arrays Project - Lesson 10.app/Arrays Project - Lesson 10";
			};
			name = Debug;
		};
		555F16531A79B3030002959A /* Release */ = {
			isa = XCBuildConfiguration;
			buildSettings = {
				BUNDLE_LOADER = "$(TEST_HOST)";
				FRAMEWORK_SEARCH_PATHS = (
					"$(SDKROOT)/Developer/Library/Frameworks",
					"$(inherited)",
				);
				INFOPLIST_FILE = "Arrays Project - Lesson 10Tests/Info.plist";
				LD_RUNPATH_SEARCH_PATHS = "$(inherited) @executable_path/Frameworks @loader_path/Frameworks";
				PRODUCT_NAME = "$(TARGET_NAME)";
				TEST_HOST = "$(BUILT_PRODUCTS_DIR)/Arrays Project - Lesson 10.app/Arrays Project - Lesson 10";
			};
			name = Release;
		};
/* End XCBuildConfiguration section */

/* Begin XCConfigurationList section */
		555F162A1A79B3030002959A /* Build configuration list for PBXProject "Arrays Project - Lesson 10" */ = {
			isa = XCConfigurationList;
			buildConfigurations = (
				555F164C1A79B3030002959A /* Debug */,
				555F164D1A79B3030002959A /* Release */,
			);
			defaultConfigurationIsVisible = 0;
			defaultConfigurationName = Release;
		};
		555F164E1A79B3030002959A /* Build configuration list for PBXNativeTarget "Arrays Project - Lesson 10" */ = {
			isa = XCConfigurationList;
			buildConfigurations = (
				555F164F1A79B3030002959A /* Debug */,
				555F16501A79B3030002959A /* Release */,
			);
			defaultConfigurationIsVisible = 0;
		};
		555F16511A79B3030002959A /* Build configuration list for PBXNativeTarget "Arrays Project - Lesson 10Tests" */ = {
			isa = XCConfigurationList;
			buildConfigurations = (
				555F16521A79B3030002959A /* Debug */,
				555F16531A79B3030002959A /* Release */,
			);
			defaultConfigurationIsVisible = 0;
		};
/* End XCConfigurationList section */
	};
	rootObject = 555F16271A79B3030002959A /* Project object */;
}
