// !$*UTF8*$!
{
	archiveVersion = 1;
	classes = {
	};
	objectVersion = 46;
	objects = {

/* Begin PBXBuildFile section */
		5564FC501A9BFC9900C444CF /* AppDelegate.swift in Sources */ = {isa = PBXBuildFile; fileRef = 5564FC4F1A9BFC9900C444CF /* AppDelegate.swift */; };
		5564FC521A9BFC9900C444CF /* ViewController.swift in Sources */ = {isa = PBXBuildFile; fileRef = 5564FC511A9BFC9900C444CF /* ViewController.swift */; };
		5564FC551A9BFC9900C444CF /* Main.storyboard in Resources */ = {isa = PBXBuildFile; fileRef = 5564FC531A9BFC9900C444CF /* Main.storyboard */; };
		5564FC571A9BFC9900C444CF /* Images.xcassets in Resources */ = {isa = PBXBuildFile; fileRef = 5564FC561A9BFC9900C444CF /* Images.xcassets */; };
		5564FC5A1A9BFC9900C444CF /* LaunchScreen.xib in Resources */ = {isa = PBXBuildFile; fileRef = 5564FC581A9BFC9900C444CF /* LaunchScreen.xib */; };
		5564FC661A9BFC9A00C444CF /* Data_Persistence___lesson_16Tests.swift in Sources */ = {isa = PBXBuildFile; fileRef = 5564FC651A9BFC9A00C444CF /* Data_Persistence___lesson_16Tests.swift */; };
		5564FC9E1A9C0EBD00C444CF /* Books.plist in Resources */ = {isa = PBXBuildFile; fileRef = 5564FC9D1A9C0EBD00C444CF /* Books.plist */; };
/* End PBXBuildFile section */

/* Begin PBXContainerItemProxy section */
		5564FC601A9BFC9A00C444CF /* PBXContainerItemProxy */ = {
			isa = PBXContainerItemProxy;
			containerPortal = 5564FC421A9BFC9900C444CF /* Project object */;
			proxyType = 1;
			remoteGlobalIDString = 5564FC491A9BFC9900C444CF;
			remoteInfo = "Data Persistence - lesson 16";
		};
/* End PBXContainerItemProxy section */

/* Begin PBXFileReference section */
		5564FC4A1A9BFC9900C444CF /* Data Persistence - lesson 16.app */ = {isa = PBXFileReference; explicitFileType = wrapper.application; includeInIndex = 0; path = "Data Persistence - lesson 16.app"; sourceTree = BUILT_PRODUCTS_DIR; };
		5564FC4E1A9BFC9900C444CF /* Info.plist */ = {isa = PBXFileReference; lastKnownFileType = text.plist.xml; path = Info.plist; sourceTree = "<group>"; };
		5564FC4F1A9BFC9900C444CF /* AppDelegate.swift */ = {isa = PBXFileReference; lastKnownFileType = sourcecode.swift; path = AppDelegate.swift; sourceTree = "<group>"; };
		5564FC511A9BFC9900C444CF /* ViewController.swift */ = {isa = PBXFileReference; lastKnownFileType = sourcecode.swift; path = ViewController.swift; sourceTree = "<group>"; };
		5564FC541A9BFC9900C444CF /* Base */ = {isa = PBXFileReference; lastKnownFileType = file.storyboard; name = Base; path = Base.lproj/Main.storyboard; sourceTree = "<group>"; };
		5564FC561A9BFC9900C444CF /* Images.xcassets */ = {isa = PBXFileReference; lastKnownFileType = folder.assetcatalog; path = Images.xcassets; sourceTree = "<group>"; };
		5564FC591A9BFC9900C444CF /* Base */ = {isa = PBXFileReference; lastKnownFileType = file.xib; name = Base; path = Base.lproj/LaunchScreen.xib; sourceTree = "<group>"; };
		5564FC5F1A9BFC9A00C444CF /* Data Persistence - lesson 16Tests.xctest */ = {isa = PBXFileReference; explicitFileType = wrapper.cfbundle; includeInIndex = 0; path = "Data Persistence - lesson 16Tests.xctest"; sourceTree = BUILT_PRODUCTS_DIR; };
		5564FC641A9BFC9A00C444CF /* Info.plist */ = {isa = PBXFileReference; lastKnownFileType = text.plist.xml; path = Info.plist; sourceTree = "<group>"; };
		5564FC651A9BFC9A00C444CF /* Data_Persistence___lesson_16Tests.swift */ = {isa = PBXFileReference; lastKnownFileType = sourcecode.swift; path = "Data_Persistence___lesson_16Tests.swift"; sourceTree = "<group>"; };
		5564FC9D1A9C0EBD00C444CF /* Books.plist */ = {isa = PBXFileReference; fileEncoding = 4; lastKnownFileType = text.plist.xml; path = Books.plist; sourceTree = "<group>"; };
/* End PBXFileReference section */

/* Begin PBXFrameworksBuildPhase section */
		5564FC471A9BFC9900C444CF /* Frameworks */ = {
			isa = PBXFrameworksBuildPhase;
			buildActionMask = 2147483647;
			files = (
			);
			runOnlyForDeploymentPostprocessing = 0;
		};
		5564FC5C1A9BFC9A00C444CF /* Frameworks */ = {
			isa = PBXFrameworksBuildPhase;
			buildActionMask = 2147483647;
			files = (
			);
			runOnlyForDeploymentPostprocessing = 0;
		};
/* End PBXFrameworksBuildPhase section */

/* Begin PBXGroup section */
		5564FC411A9BFC9900C444CF = {
			isa = PBXGroup;
			children = (
				5564FC4C1A9BFC9900C444CF /* Data Persistence - lesson 16 */,
				5564FC621A9BFC9A00C444CF /* Data Persistence - lesson 16Tests */,
				5564FC4B1A9BFC9900C444CF /* Products */,
			);
			sourceTree = "<group>";
		};
		5564FC4B1A9BFC9900C444CF /* Products */ = {
			isa = PBXGroup;
			children = (
				5564FC4A1A9BFC9900C444CF /* Data Persistence - lesson 16.app */,
				5564FC5F1A9BFC9A00C444CF /* Data Persistence - lesson 16Tests.xctest */,
			);
			name = Products;
			sourceTree = "<group>";
		};
		5564FC4C1A9BFC9900C444CF /* Data Persistence - lesson 16 */ = {
			isa = PBXGroup;
			children = (
				5564FC4F1A9BFC9900C444CF /* AppDelegate.swift */,
				5564FC511A9BFC9900C444CF /* ViewController.swift */,
				5564FC531A9BFC9900C444CF /* Main.storyboard */,
				5564FC561A9BFC9900C444CF /* Images.xcassets */,
				5564FC581A9BFC9900C444CF /* LaunchScreen.xib */,
				5564FC4D1A9BFC9900C444CF /* Supporting Files */,
			);
			path = "Data Persistence - lesson 16";
			sourceTree = "<group>";
		};
		5564FC4D1A9BFC9900C444CF /* Supporting Files */ = {
			isa = PBXGroup;
			children = (
				5564FC9D1A9C0EBD00C444CF /* Books.plist */,
				5564FC4E1A9BFC9900C444CF /* Info.plist */,
			);
			name = "Supporting Files";
			sourceTree = "<group>";
		};
		5564FC621A9BFC9A00C444CF /* Data Persistence - lesson 16Tests */ = {
			isa = PBXGroup;
			children = (
				5564FC651A9BFC9A00C444CF /* Data_Persistence___lesson_16Tests.swift */,
				5564FC631A9BFC9A00C444CF /* Supporting Files */,
			);
			path = "Data Persistence - lesson 16Tests";
			sourceTree = "<group>";
		};
		5564FC631A9BFC9A00C444CF /* Supporting Files */ = {
			isa = PBXGroup;
			children = (
				5564FC641A9BFC9A00C444CF /* Info.plist */,
			);
			name = "Supporting Files";
			sourceTree = "<group>";
		};
/* End PBXGroup section */

/* Begin PBXNativeTarget section */
		5564FC491A9BFC9900C444CF /* Data Persistence - lesson 16 */ = {
			isa = PBXNativeTarget;
			buildConfigurationList = 5564FC691A9BFC9A00C444CF /* Build configuration list for PBXNativeTarget "Data Persistence - lesson 16" */;
			buildPhases = (
				5564FC461A9BFC9900C444CF /* Sources */,
				5564FC471A9BFC9900C444CF /* Frameworks */,
				5564FC481A9BFC9900C444CF /* Resources */,
			);
			buildRules = (
			);
			dependencies = (
			);
			name = "Data Persistence - lesson 16";
			productName = "Data Persistence - lesson 16";
			productReference = 5564FC4A1A9BFC9900C444CF /* Data Persistence - lesson 16.app */;
			productType = "com.apple.product-type.application";
		};
		5564FC5E1A9BFC9A00C444CF /* Data Persistence - lesson 16Tests */ = {
			isa = PBXNativeTarget;
			buildConfigurationList = 5564FC6C1A9BFC9A00C444CF /* Build configuration list for PBXNativeTarget "Data Persistence - lesson 16Tests" */;
			buildPhases = (
				5564FC5B1A9BFC9A00C444CF /* Sources */,
				5564FC5C1A9BFC9A00C444CF /* Frameworks */,
				5564FC5D1A9BFC9A00C444CF /* Resources */,
			);
			buildRules = (
			);
			dependencies = (
				5564FC611A9BFC9A00C444CF /* PBXTargetDependency */,
			);
			name = "Data Persistence - lesson 16Tests";
			productName = "Data Persistence - lesson 16Tests";
			productReference = 5564FC5F1A9BFC9A00C444CF /* Data Persistence - lesson 16Tests.xctest */;
			productType = "com.apple.product-type.bundle.unit-test";
		};
/* End PBXNativeTarget section */

/* Begin PBXProject section */
		5564FC421A9BFC9900C444CF /* Project object */ = {
			isa = PBXProject;
			attributes = {
				LastUpgradeCheck = 0610;
				ORGANIZATIONNAME = DaveScherler;
				TargetAttributes = {
					5564FC491A9BFC9900C444CF = {
						CreatedOnToolsVersion = 6.1.1;
					};
					5564FC5E1A9BFC9A00C444CF = {
						CreatedOnToolsVersion = 6.1.1;
						TestTargetID = 5564FC491A9BFC9900C444CF;
					};
				};
			};
			buildConfigurationList = 5564FC451A9BFC9900C444CF /* Build configuration list for PBXProject "Data Persistence - lesson 16" */;
			compatibilityVersion = "Xcode 3.2";
			developmentRegion = English;
			hasScannedForEncodings = 0;
			knownRegions = (
				en,
				Base,
			);
			mainGroup = 5564FC411A9BFC9900C444CF;
			productRefGroup = 5564FC4B1A9BFC9900C444CF /* Products */;
			projectDirPath = "";
			projectRoot = "";
			targets = (
				5564FC491A9BFC9900C444CF /* Data Persistence - lesson 16 */,
				5564FC5E1A9BFC9A00C444CF /* Data Persistence - lesson 16Tests */,
			);
		};
/* End PBXProject section */

/* Begin PBXResourcesBuildPhase section */
		5564FC481A9BFC9900C444CF /* Resources */ = {
			isa = PBXResourcesBuildPhase;
			buildActionMask = 2147483647;
			files = (
				5564FC551A9BFC9900C444CF /* Main.storyboard in Resources */,
				5564FC5A1A9BFC9900C444CF /* LaunchScreen.xib in Resources */,
				5564FC9E1A9C0EBD00C444CF /* Books.plist in Resources */,
				5564FC571A9BFC9900C444CF /* Images.xcassets in Resources */,
			);
			runOnlyForDeploymentPostprocessing = 0;
		};
		5564FC5D1A9BFC9A00C444CF /* Resources */ = {
			isa = PBXResourcesBuildPhase;
			buildActionMask = 2147483647;
			files = (
			);
			runOnlyForDeploymentPostprocessing = 0;
		};
/* End PBXResourcesBuildPhase section */

/* Begin PBXSourcesBuildPhase section */
		5564FC461A9BFC9900C444CF /* Sources */ = {
			isa = PBXSourcesBuildPhase;
			buildActionMask = 2147483647;
			files = (
				5564FC521A9BFC9900C444CF /* ViewController.swift in Sources */,
				5564FC501A9BFC9900C444CF /* AppDelegate.swift in Sources */,
			);
			runOnlyForDeploymentPostprocessing = 0;
		};
		5564FC5B1A9BFC9A00C444CF /* Sources */ = {
			isa = PBXSourcesBuildPhase;
			buildActionMask = 2147483647;
			files = (
				5564FC661A9BFC9A00C444CF /* Data_Persistence___lesson_16Tests.swift in Sources */,
			);
			runOnlyForDeploymentPostprocessing = 0;
		};
/* End PBXSourcesBuildPhase section */

/* Begin PBXTargetDependency section */
		5564FC611A9BFC9A00C444CF /* PBXTargetDependency */ = {
			isa = PBXTargetDependency;
			target = 5564FC491A9BFC9900C444CF /* Data Persistence - lesson 16 */;
			targetProxy = 5564FC601A9BFC9A00C444CF /* PBXContainerItemProxy */;
		};
/* End PBXTargetDependency section */

/* Begin PBXVariantGroup section */
		5564FC531A9BFC9900C444CF /* Main.storyboard */ = {
			isa = PBXVariantGroup;
			children = (
				5564FC541A9BFC9900C444CF /* Base */,
			);
			name = Main.storyboard;
			sourceTree = "<group>";
		};
		5564FC581A9BFC9900C444CF /* LaunchScreen.xib */ = {
			isa = PBXVariantGroup;
			children = (
				5564FC591A9BFC9900C444CF /* Base */,
			);
			name = LaunchScreen.xib;
			sourceTree = "<group>";
		};
/* End PBXVariantGroup section */

/* Begin XCBuildConfiguration section */
		5564FC671A9BFC9A00C444CF /* Debug */ = {
			isa = XCBuildConfiguration;
			buildSettings = {
				ALWAYS_SEARCH_USER_PATHS = NO;
				CLANG_CXX_LANGUAGE_STANDARD = "gnu++0x";
				CLANG_CXX_LIBRARY = "libc++";
				CLANG_ENABLE_MODULES = YES;
				CLANG_ENABLE_OBJC_ARC = YES;
				CLANG_WARN_BOOL_CONVERSION = YES;
				CLANG_WARN_CONSTANT_CONVERSION = YES;
				CLANG_WARN_DIRECT_OBJC_ISA_USAGE = YES_ERROR;
				CLANG_WARN_EMPTY_BODY = YES;
				CLANG_WARN_ENUM_CONVERSION = YES;
				CLANG_WARN_INT_CONVERSION = YES;
				CLANG_WARN_OBJC_ROOT_CLASS = YES_ERROR;
				CLANG_WARN_UNREACHABLE_CODE = YES;
				CLANG_WARN__DUPLICATE_METHOD_MATCH = YES;
				"CODE_SIGN_IDENTITY[sdk=iphoneos*]" = "iPhone Developer";
				COPY_PHASE_STRIP = NO;
				ENABLE_STRICT_OBJC_MSGSEND = YES;
				GCC_C_LANGUAGE_STANDARD = gnu99;
				GCC_DYNAMIC_NO_PIC = NO;
				GCC_OPTIMIZATION_LEVEL = 0;
				GCC_PREPROCESSOR_DEFINITIONS = (
					"DEBUG=1",
					"$(inherited)",
				);
				GCC_SYMBOLS_PRIVATE_EXTERN = NO;
				GCC_WARN_64_TO_32_BIT_CONVERSION = YES;
				GCC_WARN_ABOUT_RETURN_TYPE = YES_ERROR;
				GCC_WARN_UNDECLARED_SELECTOR = YES;
				GCC_WARN_UNINITIALIZED_AUTOS = YES_AGGRESSIVE;
				GCC_WARN_UNUSED_FUNCTION = YES;
				GCC_WARN_UNUSED_VARIABLE = YES;
				IPHONEOS_DEPLOYMENT_TARGET = 8.1;
				MTL_ENABLE_DEBUG_INFO = YES;
				ONLY_ACTIVE_ARCH = YES;
				SDKROOT = iphoneos;
				SWIFT_OPTIMIZATION_LEVEL = "-Onone";
			};
			name = Debug;
		};
		5564FC681A9BFC9A00C444CF /* Release */ = {
			isa = XCBuildConfiguration;
			buildSettings = {
				ALWAYS_SEARCH_USER_PATHS = NO;
				CLANG_CXX_LANGUAGE_STANDARD = "gnu++0x";
				CLANG_CXX_LIBRARY = "libc++";
				CLANG_ENABLE_MODULES = YES;
				CLANG_ENABLE_OBJC_ARC = YES;
				CLANG_WARN_BOOL_CONVERSION = YES;
				CLANG_WARN_CONSTANT_CONVERSION = YES;
				CLANG_WARN_DIRECT_OBJC_ISA_USAGE = YES_ERROR;
				CLANG_WARN_EMPTY_BODY = YES;
				CLANG_WARN_ENUM_CONVERSION = YES;
				CLANG_WARN_INT_CONVERSION = YES;
				CLANG_WARN_OBJC_ROOT_CLASS = YES_ERROR;
				CLANG_WARN_UNREACHABLE_CODE = YES;
				CLANG_WARN__DUPLICATE_METHOD_MATCH = YES;
				"CODE_SIGN_IDENTITY[sdk=iphoneos*]" = "iPhone Developer";
				COPY_PHASE_STRIP = YES;
				ENABLE_NS_ASSERTIONS = NO;
				ENABLE_STRICT_OBJC_MSGSEND = YES;
				GCC_C_LANGUAGE_STANDARD = gnu99;
				GCC_WARN_64_TO_32_BIT_CONVERSION = YES;
				GCC_WARN_ABOUT_RETURN_TYPE = YES_ERROR;
				GCC_WARN_UNDECLARED_SELECTOR = YES;
				GCC_WARN_UNINITIALIZED_AUTOS = YES_AGGRESSIVE;
				GCC_WARN_UNUSED_FUNCTION = YES;
				GCC_WARN_UNUSED_VARIABLE = YES;
				IPHONEOS_DEPLOYMENT_TARGET = 8.1;
				MTL_ENABLE_DEBUG_INFO = NO;
				SDKROOT = iphoneos;
				VALIDATE_PRODUCT = YES;
			};
			name = Release;
		};
		5564FC6A1A9BFC9A00C444CF /* Debug */ = {
			isa = XCBuildConfiguration;
			buildSettings = {
				ASSETCATALOG_COMPILER_APPICON_NAME = AppIcon;
				INFOPLIST_FILE = "Data Persistence - lesson 16/Info.plist";
				LD_RUNPATH_SEARCH_PATHS = "$(inherited) @executable_path/Frameworks";
				PRODUCT_NAME = "$(TARGET_NAME)";
			};
			name = Debug;
		};
		5564FC6B1A9BFC9A00C444CF /* Release */ = {
			isa = XCBuildConfiguration;
			buildSettings = {
				ASSETCATALOG_COMPILER_APPICON_NAME = AppIcon;
				INFOPLIST_FILE = "Data Persistence - lesson 16/Info.plist";
				LD_RUNPATH_SEARCH_PATHS = "$(inherited) @executable_path/Frameworks";
				PRODUCT_NAME = "$(TARGET_NAME)";
			};
			name = Release;
		};
		5564FC6D1A9BFC9A00C444CF /* Debug */ = {
			isa = XCBuildConfiguration;
			buildSettings = {
				BUNDLE_LOADER = "$(TEST_HOST)";
				FRAMEWORK_SEARCH_PATHS = (
					"$(SDKROOT)/Developer/Library/Frameworks",
					"$(inherited)",
				);
				GCC_PREPROCESSOR_DEFINITIONS = (
					"DEBUG=1",
					"$(inherited)",
				);
				INFOPLIST_FILE = "Data Persistence - lesson 16Tests/Info.plist";
				LD_RUNPATH_SEARCH_PATHS = "$(inherited) @executable_path/Frameworks @loader_path/Frameworks";
				PRODUCT_NAME = "$(TARGET_NAME)";
				TEST_HOST = "$(BUILT_PRODUCTS_DIR)/Data Persistence - lesson 16.app/Data Persistence - lesson 16";
			};
			name = Debug;
		};
		5564FC6E1A9BFC9A00C444CF /* Release */ = {
			isa = XCBuildConfiguration;
			buildSettings = {
				BUNDLE_LOADER = "$(TEST_HOST)";
				FRAMEWORK_SEARCH_PATHS = (
					"$(SDKROOT)/Developer/Library/Frameworks",
					"$(inherited)",
				);
				INFOPLIST_FILE = "Data Persistence - lesson 16Tests/Info.plist";
				LD_RUNPATH_SEARCH_PATHS = "$(inherited) @executable_path/Frameworks @loader_path/Frameworks";
				PRODUCT_NAME = "$(TARGET_NAME)";
				TEST_HOST = "$(BUILT_PRODUCTS_DIR)/Data Persistence - lesson 16.app/Data Persistence - lesson 16";
			};
			name = Release;
		};
/* End XCBuildConfiguration section */

/* Begin XCConfigurationList section */
		5564FC451A9BFC9900C444CF /* Build configuration list for PBXProject "Data Persistence - lesson 16" */ = {
			isa = XCConfigurationList;
			buildConfigurations = (
				5564FC671A9BFC9A00C444CF /* Debug */,
				5564FC681A9BFC9A00C444CF /* Release */,
			);
			defaultConfigurationIsVisible = 0;
			defaultConfigurationName = Release;
		};
		5564FC691A9BFC9A00C444CF /* Build configuration list for PBXNativeTarget "Data Persistence - lesson 16" */ = {
			isa = XCConfigurationList;
			buildConfigurations = (
				5564FC6A1A9BFC9A00C444CF /* Debug */,
				5564FC6B1A9BFC9A00C444CF /* Release */,
			);
			defaultConfigurationIsVisible = 0;
		};
		5564FC6C1A9BFC9A00C444CF /* Build configuration list for PBXNativeTarget "Data Persistence - lesson 16Tests" */ = {
			isa = XCConfigurationList;
			buildConfigurations = (
				5564FC6D1A9BFC9A00C444CF /* Debug */,
				5564FC6E1A9BFC9A00C444CF /* Release */,
			);
			defaultConfigurationIsVisible = 0;
		};
/* End XCConfigurationList section */
	};
	rootObject = 5564FC421A9BFC9900C444CF /* Project object */;
}
