// !$*UTF8*$!
{
	archiveVersion = 1;
	classes = {
	};
	objectVersion = 46;
	objects = {

/* Begin PBXBuildFile section */
		5544F4731A9EB81700509505 /* AppDelegate.swift in Sources */ = {isa = PBXBuildFile; fileRef = 5544F4721A9EB81700509505 /* AppDelegate.swift */; };
		5544F4761A9EB81700509505 /* Core_Data_Example___lesson_17.xcdatamodeld in Sources */ = {isa = PBXBuildFile; fileRef = 5544F4741A9EB81700509505 /* Core_Data_Example___lesson_17.xcdatamodeld */; };
		5544F4781A9EB81700509505 /* ViewController.swift in Sources */ = {isa = PBXBuildFile; fileRef = 5544F4771A9EB81700509505 /* ViewController.swift */; };
		5544F47B1A9EB81700509505 /* Main.storyboard in Resources */ = {isa = PBXBuildFile; fileRef = 5544F4791A9EB81700509505 /* Main.storyboard */; };
		5544F47D1A9EB81700509505 /* Images.xcassets in Resources */ = {isa = PBXBuildFile; fileRef = 5544F47C1A9EB81700509505 /* Images.xcassets */; };
		5544F4801A9EB81700509505 /* LaunchScreen.xib in Resources */ = {isa = PBXBuildFile; fileRef = 5544F47E1A9EB81700509505 /* LaunchScreen.xib */; };
		5544F48C1A9EB81700509505 /* Core_Data_Example___lesson_17Tests.swift in Sources */ = {isa = PBXBuildFile; fileRef = 5544F48B1A9EB81700509505 /* Core_Data_Example___lesson_17Tests.swift */; };
		5544F4961A9EB94100509505 /* Animal.swift in Sources */ = {isa = PBXBuildFile; fileRef = 5544F4951A9EB94100509505 /* Animal.swift */; };
/* End PBXBuildFile section */

/* Begin PBXContainerItemProxy section */
		5544F4861A9EB81700509505 /* PBXContainerItemProxy */ = {
			isa = PBXContainerItemProxy;
			containerPortal = 5544F4651A9EB81700509505 /* Project object */;
			proxyType = 1;
			remoteGlobalIDString = 5544F46C1A9EB81700509505;
			remoteInfo = "Core Data Example - lesson 17";
		};
/* End PBXContainerItemProxy section */

/* Begin PBXFileReference section */
		5544F46D1A9EB81700509505 /* Core Data Example - lesson 17.app */ = {isa = PBXFileReference; explicitFileType = wrapper.application; includeInIndex = 0; path = "Core Data Example - lesson 17.app"; sourceTree = BUILT_PRODUCTS_DIR; };
		5544F4711A9EB81700509505 /* Info.plist */ = {isa = PBXFileReference; lastKnownFileType = text.plist.xml; path = Info.plist; sourceTree = "<group>"; };
		5544F4721A9EB81700509505 /* AppDelegate.swift */ = {isa = PBXFileReference; lastKnownFileType = sourcecode.swift; path = AppDelegate.swift; sourceTree = "<group>"; };
		5544F4751A9EB81700509505 /* Core_Data_Example___lesson_17.xcdatamodel */ = {isa = PBXFileReference; lastKnownFileType = wrapper.xcdatamodel; path = "Core_Data_Example___lesson_17.xcdatamodel"; sourceTree = "<group>"; };
		5544F4771A9EB81700509505 /* ViewController.swift */ = {isa = PBXFileReference; lastKnownFileType = sourcecode.swift; path = ViewController.swift; sourceTree = "<group>"; };
		5544F47A1A9EB81700509505 /* Base */ = {isa = PBXFileReference; lastKnownFileType = file.storyboard; name = Base; path = Base.lproj/Main.storyboard; sourceTree = "<group>"; };
		5544F47C1A9EB81700509505 /* Images.xcassets */ = {isa = PBXFileReference; lastKnownFileType = folder.assetcatalog; path = Images.xcassets; sourceTree = "<group>"; };
		5544F47F1A9EB81700509505 /* Base */ = {isa = PBXFileReference; lastKnownFileType = file.xib; name = Base; path = Base.lproj/LaunchScreen.xib; sourceTree = "<group>"; };
		5544F4851A9EB81700509505 /* Core Data Example - lesson 17Tests.xctest */ = {isa = PBXFileReference; explicitFileType = wrapper.cfbundle; includeInIndex = 0; path = "Core Data Example - lesson 17Tests.xctest"; sourceTree = BUILT_PRODUCTS_DIR; };
		5544F48A1A9EB81700509505 /* Info.plist */ = {isa = PBXFileReference; lastKnownFileType = text.plist.xml; path = Info.plist; sourceTree = "<group>"; };
		5544F48B1A9EB81700509505 /* Core_Data_Example___lesson_17Tests.swift */ = {isa = PBXFileReference; lastKnownFileType = sourcecode.swift; path = "Core_Data_Example___lesson_17Tests.swift"; sourceTree = "<group>"; };
		5544F4951A9EB94100509505 /* Animal.swift */ = {isa = PBXFileReference; fileEncoding = 4; lastKnownFileType = sourcecode.swift; path = Animal.swift; sourceTree = "<group>"; };
/* End PBXFileReference section */

/* Begin PBXFrameworksBuildPhase section */
		5544F46A1A9EB81700509505 /* Frameworks */ = {
			isa = PBXFrameworksBuildPhase;
			buildActionMask = 2147483647;
			files = (
			);
			runOnlyForDeploymentPostprocessing = 0;
		};
		5544F4821A9EB81700509505 /* Frameworks */ = {
			isa = PBXFrameworksBuildPhase;
			buildActionMask = 2147483647;
			files = (
			);
			runOnlyForDeploymentPostprocessing = 0;
		};
/* End PBXFrameworksBuildPhase section */

/* Begin PBXGroup section */
		5544F4641A9EB81700509505 = {
			isa = PBXGroup;
			children = (
				5544F46F1A9EB81700509505 /* Core Data Example - lesson 17 */,
				5544F4881A9EB81700509505 /* Core Data Example - lesson 17Tests */,
				5544F46E1A9EB81700509505 /* Products */,
			);
			sourceTree = "<group>";
		};
		5544F46E1A9EB81700509505 /* Products */ = {
			isa = PBXGroup;
			children = (
				5544F46D1A9EB81700509505 /* Core Data Example - lesson 17.app */,
				5544F4851A9EB81700509505 /* Core Data Example - lesson 17Tests.xctest */,
			);
			name = Products;
			sourceTree = "<group>";
		};
		5544F46F1A9EB81700509505 /* Core Data Example - lesson 17 */ = {
			isa = PBXGroup;
			children = (
				5544F4721A9EB81700509505 /* AppDelegate.swift */,
				5544F4771A9EB81700509505 /* ViewController.swift */,
				5544F4791A9EB81700509505 /* Main.storyboard */,
				5544F47C1A9EB81700509505 /* Images.xcassets */,
				5544F47E1A9EB81700509505 /* LaunchScreen.xib */,
				5544F4741A9EB81700509505 /* Core_Data_Example___lesson_17.xcdatamodeld */,
				5544F4701A9EB81700509505 /* Supporting Files */,
				5544F4951A9EB94100509505 /* Animal.swift */,
			);
			path = "Core Data Example - lesson 17";
			sourceTree = "<group>";
		};
		5544F4701A9EB81700509505 /* Supporting Files */ = {
			isa = PBXGroup;
			children = (
				5544F4711A9EB81700509505 /* Info.plist */,
			);
			name = "Supporting Files";
			sourceTree = "<group>";
		};
		5544F4881A9EB81700509505 /* Core Data Example - lesson 17Tests */ = {
			isa = PBXGroup;
			children = (
				5544F48B1A9EB81700509505 /* Core_Data_Example___lesson_17Tests.swift */,
				5544F4891A9EB81700509505 /* Supporting Files */,
			);
			path = "Core Data Example - lesson 17Tests";
			sourceTree = "<group>";
		};
		5544F4891A9EB81700509505 /* Supporting Files */ = {
			isa = PBXGroup;
			children = (
				5544F48A1A9EB81700509505 /* Info.plist */,
			);
			name = "Supporting Files";
			sourceTree = "<group>";
		};
/* End PBXGroup section */

/* Begin PBXNativeTarget section */
		5544F46C1A9EB81700509505 /* Core Data Example - lesson 17 */ = {
			isa = PBXNativeTarget;
			buildConfigurationList = 5544F48F1A9EB81700509505 /* Build configuration list for PBXNativeTarget "Core Data Example - lesson 17" */;
			buildPhases = (
				5544F4691A9EB81700509505 /* Sources */,
				5544F46A1A9EB81700509505 /* Frameworks */,
				5544F46B1A9EB81700509505 /* Resources */,
			);
			buildRules = (
			);
			dependencies = (
			);
			name = "Core Data Example - lesson 17";
			productName = "Core Data Example - lesson 17";
			productReference = 5544F46D1A9EB81700509505 /* Core Data Example - lesson 17.app */;
			productType = "com.apple.product-type.application";
		};
		5544F4841A9EB81700509505 /* Core Data Example - lesson 17Tests */ = {
			isa = PBXNativeTarget;
			buildConfigurationList = 5544F4921A9EB81700509505 /* Build configuration list for PBXNativeTarget "Core Data Example - lesson 17Tests" */;
			buildPhases = (
				5544F4811A9EB81700509505 /* Sources */,
				5544F4821A9EB81700509505 /* Frameworks */,
				5544F4831A9EB81700509505 /* Resources */,
			);
			buildRules = (
			);
			dependencies = (
				5544F4871A9EB81700509505 /* PBXTargetDependency */,
			);
			name = "Core Data Example - lesson 17Tests";
			productName = "Core Data Example - lesson 17Tests";
			productReference = 5544F4851A9EB81700509505 /* Core Data Example - lesson 17Tests.xctest */;
			productType = "com.apple.product-type.bundle.unit-test";
		};
/* End PBXNativeTarget section */

/* Begin PBXProject section */
		5544F4651A9EB81700509505 /* Project object */ = {
			isa = PBXProject;
			attributes = {
				LastUpgradeCheck = 0610;
				ORGANIZATIONNAME = DaveScherler;
				TargetAttributes = {
					5544F46C1A9EB81700509505 = {
						CreatedOnToolsVersion = 6.1.1;
					};
					5544F4841A9EB81700509505 = {
						CreatedOnToolsVersion = 6.1.1;
						TestTargetID = 5544F46C1A9EB81700509505;
					};
				};
			};
			buildConfigurationList = 5544F4681A9EB81700509505 /* Build configuration list for PBXProject "Core Data Example - lesson 17" */;
			compatibilityVersion = "Xcode 3.2";
			developmentRegion = English;
			hasScannedForEncodings = 0;
			knownRegions = (
				en,
				Base,
			);
			mainGroup = 5544F4641A9EB81700509505;
			productRefGroup = 5544F46E1A9EB81700509505 /* Products */;
			projectDirPath = "";
			projectRoot = "";
			targets = (
				5544F46C1A9EB81700509505 /* Core Data Example - lesson 17 */,
				5544F4841A9EB81700509505 /* Core Data Example - lesson 17Tests */,
			);
		};
/* End PBXProject section */

/* Begin PBXResourcesBuildPhase section */
		5544F46B1A9EB81700509505 /* Resources */ = {
			isa = PBXResourcesBuildPhase;
			buildActionMask = 2147483647;
			files = (
				5544F47B1A9EB81700509505 /* Main.storyboard in Resources */,
				5544F4801A9EB81700509505 /* LaunchScreen.xib in Resources */,
				5544F47D1A9EB81700509505 /* Images.xcassets in Resources */,
			);
			runOnlyForDeploymentPostprocessing = 0;
		};
		5544F4831A9EB81700509505 /* Resources */ = {
			isa = PBXResourcesBuildPhase;
			buildActionMask = 2147483647;
			files = (
			);
			runOnlyForDeploymentPostprocessing = 0;
		};
/* End PBXResourcesBuildPhase section */

/* Begin PBXSourcesBuildPhase section */
		5544F4691A9EB81700509505 /* Sources */ = {
			isa = PBXSourcesBuildPhase;
			buildActionMask = 2147483647;
			files = (
				5544F4781A9EB81700509505 /* ViewController.swift in Sources */,
				5544F4961A9EB94100509505 /* Animal.swift in Sources */,
				5544F4731A9EB81700509505 /* AppDelegate.swift in Sources */,
				5544F4761A9EB81700509505 /* Core_Data_Example___lesson_17.xcdatamodeld in Sources */,
			);
			runOnlyForDeploymentPostprocessing = 0;
		};
		5544F4811A9EB81700509505 /* Sources */ = {
			isa = PBXSourcesBuildPhase;
			buildActionMask = 2147483647;
			files = (
				5544F48C1A9EB81700509505 /* Core_Data_Example___lesson_17Tests.swift in Sources */,
			);
			runOnlyForDeploymentPostprocessing = 0;
		};
/* End PBXSourcesBuildPhase section */

/* Begin PBXTargetDependency section */
		5544F4871A9EB81700509505 /* PBXTargetDependency */ = {
			isa = PBXTargetDependency;
			target = 5544F46C1A9EB81700509505 /* Core Data Example - lesson 17 */;
			targetProxy = 5544F4861A9EB81700509505 /* PBXContainerItemProxy */;
		};
/* End PBXTargetDependency section */

/* Begin PBXVariantGroup section */
		5544F4791A9EB81700509505 /* Main.storyboard */ = {
			isa = PBXVariantGroup;
			children = (
				5544F47A1A9EB81700509505 /* Base */,
			);
			name = Main.storyboard;
			sourceTree = "<group>";
		};
		5544F47E1A9EB81700509505 /* LaunchScreen.xib */ = {
			isa = PBXVariantGroup;
			children = (
				5544F47F1A9EB81700509505 /* Base */,
			);
			name = LaunchScreen.xib;
			sourceTree = "<group>";
		};
/* End PBXVariantGroup section */

/* Begin XCBuildConfiguration section */
		5544F48D1A9EB81700509505 /* Debug */ = {
			isa = XCBuildConfiguration;
			buildSettings = {
				ALWAYS_SEARCH_USER_PATHS = NO;
				CLANG_CXX_LANGUAGE_STANDARD = "gnu++0x";
				CLANG_CXX_LIBRARY = "libc++";
				CLANG_ENABLE_MODULES = YES;
				CLANG_ENABLE_OBJC_ARC = YES;
				CLANG_WARN_BOOL_CONVERSION = YES;
				CLANG_WARN_CONSTANT_CONVERSION = YES;
				CLANG_WARN_DIRECT_OBJC_ISA_USAGE = YES_ERROR;
				CLANG_WARN_EMPTY_BODY = YES;
				CLANG_WARN_ENUM_CONVERSION = YES;
				CLANG_WARN_INT_CONVERSION = YES;
				CLANG_WARN_OBJC_ROOT_CLASS = YES_ERROR;
				CLANG_WARN_UNREACHABLE_CODE = YES;
				CLANG_WARN__DUPLICATE_METHOD_MATCH = YES;
				"CODE_SIGN_IDENTITY[sdk=iphoneos*]" = "iPhone Developer";
				COPY_PHASE_STRIP = NO;
				ENABLE_STRICT_OBJC_MSGSEND = YES;
				GCC_C_LANGUAGE_STANDARD = gnu99;
				GCC_DYNAMIC_NO_PIC = NO;
				GCC_OPTIMIZATION_LEVEL = 0;
				GCC_PREPROCESSOR_DEFINITIONS = (
					"DEBUG=1",
					"$(inherited)",
				);
				GCC_SYMBOLS_PRIVATE_EXTERN = NO;
				GCC_WARN_64_TO_32_BIT_CONVERSION = YES;
				GCC_WARN_ABOUT_RETURN_TYPE = YES_ERROR;
				GCC_WARN_UNDECLARED_SELECTOR = YES;
				GCC_WARN_UNINITIALIZED_AUTOS = YES_AGGRESSIVE;
				GCC_WARN_UNUSED_FUNCTION = YES;
				GCC_WARN_UNUSED_VARIABLE = YES;
				IPHONEOS_DEPLOYMENT_TARGET = 8.1;
				MTL_ENABLE_DEBUG_INFO = YES;
				ONLY_ACTIVE_ARCH = YES;
				SDKROOT = iphoneos;
				SWIFT_OPTIMIZATION_LEVEL = "-Onone";
			};
			name = Debug;
		};
		5544F48E1A9EB81700509505 /* Release */ = {
			isa = XCBuildConfiguration;
			buildSettings = {
				ALWAYS_SEARCH_USER_PATHS = NO;
				CLANG_CXX_LANGUAGE_STANDARD = "gnu++0x";
				CLANG_CXX_LIBRARY = "libc++";
				CLANG_ENABLE_MODULES = YES;
				CLANG_ENABLE_OBJC_ARC = YES;
				CLANG_WARN_BOOL_CONVERSION = YES;
				CLANG_WARN_CONSTANT_CONVERSION = YES;
				CLANG_WARN_DIRECT_OBJC_ISA_USAGE = YES_ERROR;
				CLANG_WARN_EMPTY_BODY = YES;
				CLANG_WARN_ENUM_CONVERSION = YES;
				CLANG_WARN_INT_CONVERSION = YES;
				CLANG_WARN_OBJC_ROOT_CLASS = YES_ERROR;
				CLANG_WARN_UNREACHABLE_CODE = YES;
				CLANG_WARN__DUPLICATE_METHOD_MATCH = YES;
				"CODE_SIGN_IDENTITY[sdk=iphoneos*]" = "iPhone Developer";
				COPY_PHASE_STRIP = YES;
				ENABLE_NS_ASSERTIONS = NO;
				ENABLE_STRICT_OBJC_MSGSEND = YES;
				GCC_C_LANGUAGE_STANDARD = gnu99;
				GCC_WARN_64_TO_32_BIT_CONVERSION = YES;
				GCC_WARN_ABOUT_RETURN_TYPE = YES_ERROR;
				GCC_WARN_UNDECLARED_SELECTOR = YES;
				GCC_WARN_UNINITIALIZED_AUTOS = YES_AGGRESSIVE;
				GCC_WARN_UNUSED_FUNCTION = YES;
				GCC_WARN_UNUSED_VARIABLE = YES;
				IPHONEOS_DEPLOYMENT_TARGET = 8.1;
				MTL_ENABLE_DEBUG_INFO = NO;
				SDKROOT = iphoneos;
				VALIDATE_PRODUCT = YES;
			};
			name = Release;
		};
		5544F4901A9EB81700509505 /* Debug */ = {
			isa = XCBuildConfiguration;
			buildSettings = {
				ASSETCATALOG_COMPILER_APPICON_NAME = AppIcon;
				INFOPLIST_FILE = "Core Data Example - lesson 17/Info.plist";
				LD_RUNPATH_SEARCH_PATHS = "$(inherited) @executable_path/Frameworks";
				PRODUCT_NAME = "$(TARGET_NAME)";
			};
			name = Debug;
		};
		5544F4911A9EB81700509505 /* Release */ = {
			isa = XCBuildConfiguration;
			buildSettings = {
				ASSETCATALOG_COMPILER_APPICON_NAME = AppIcon;
				INFOPLIST_FILE = "Core Data Example - lesson 17/Info.plist";
				LD_RUNPATH_SEARCH_PATHS = "$(inherited) @executable_path/Frameworks";
				PRODUCT_NAME = "$(TARGET_NAME)";
			};
			name = Release;
		};
		5544F4931A9EB81700509505 /* Debug */ = {
			isa = XCBuildConfiguration;
			buildSettings = {
				BUNDLE_LOADER = "$(TEST_HOST)";
				FRAMEWORK_SEARCH_PATHS = (
					"$(SDKROOT)/Developer/Library/Frameworks",
					"$(inherited)",
				);
				GCC_PREPROCESSOR_DEFINITIONS = (
					"DEBUG=1",
					"$(inherited)",
				);
				INFOPLIST_FILE = "Core Data Example - lesson 17Tests/Info.plist";
				LD_RUNPATH_SEARCH_PATHS = "$(inherited) @executable_path/Frameworks @loader_path/Frameworks";
				PRODUCT_NAME = "$(TARGET_NAME)";
				TEST_HOST = "$(BUILT_PRODUCTS_DIR)/Core Data Example - lesson 17.app/Core Data Example - lesson 17";
			};
			name = Debug;
		};
		5544F4941A9EB81700509505 /* Release */ = {
			isa = XCBuildConfiguration;
			buildSettings = {
				BUNDLE_LOADER = "$(TEST_HOST)";
				FRAMEWORK_SEARCH_PATHS = (
					"$(SDKROOT)/Developer/Library/Frameworks",
					"$(inherited)",
				);
				INFOPLIST_FILE = "Core Data Example - lesson 17Tests/Info.plist";
				LD_RUNPATH_SEARCH_PATHS = "$(inherited) @executable_path/Frameworks @loader_path/Frameworks";
				PRODUCT_NAME = "$(TARGET_NAME)";
				TEST_HOST = "$(BUILT_PRODUCTS_DIR)/Core Data Example - lesson 17.app/Core Data Example - lesson 17";
			};
			name = Release;
		};
/* End XCBuildConfiguration section */

/* Begin XCConfigurationList section */
		5544F4681A9EB81700509505 /* Build configuration list for PBXProject "Core Data Example - lesson 17" */ = {
			isa = XCConfigurationList;
			buildConfigurations = (
				5544F48D1A9EB81700509505 /* Debug */,
				5544F48E1A9EB81700509505 /* Release */,
			);
			defaultConfigurationIsVisible = 0;
			defaultConfigurationName = Release;
		};
		5544F48F1A9EB81700509505 /* Build configuration list for PBXNativeTarget "Core Data Example - lesson 17" */ = {
			isa = XCConfigurationList;
			buildConfigurations = (
				5544F4901A9EB81700509505 /* Debug */,
				5544F4911A9EB81700509505 /* Release */,
			);
			defaultConfigurationIsVisible = 0;
		};
		5544F4921A9EB81700509505 /* Build configuration list for PBXNativeTarget "Core Data Example - lesson 17Tests" */ = {
			isa = XCConfigurationList;
			buildConfigurations = (
				5544F4931A9EB81700509505 /* Debug */,
				5544F4941A9EB81700509505 /* Release */,
			);
			defaultConfigurationIsVisible = 0;
		};
/* End XCConfigurationList section */

/* Begin XCVersionGroup section */
		5544F4741A9EB81700509505 /* Core_Data_Example___lesson_17.xcdatamodeld */ = {
			isa = XCVersionGroup;
			children = (
				5544F4751A9EB81700509505 /* Core_Data_Example___lesson_17.xcdatamodel */,
			);
			currentVersion = 5544F4751A9EB81700509505 /* Core_Data_Example___lesson_17.xcdatamodel */;
			path = "Core_Data_Example___lesson_17.xcdatamodeld";
			sourceTree = "<group>";
			versionGroupType = wrapper.xcdatamodel;
		};
/* End XCVersionGroup section */
	};
	rootObject = 5544F4651A9EB81700509505 /* Project object */;
}
